{
  "object": {
    "pins": [
      {
        "package": "Alamofire4",
        "repositoryURL": "https://github.com/max-potapov/Alamofire",
        "state": {
          "branch": null,
          "revision": "b5c5f46b0804b2111396d79ec8fff14625d457c5",
          "version": "4.9.3"
        }
      }
    ]
  },
  "version": 1
}
